
Microsoft Visual Studio Solution File, Format Version 12.00
# Visual Studio 15
Project("{FAE04EC0-301F-11D3-BF4B-00C04F79EFBC}") = "Assembly-CSharp", "Assembly-CSharp.csproj", "{FD692CE6-F9D9-D952-DC6E-2F1522E68035}"
EndProject
Project("{FAE04EC0-301F-11D3-BF4B-00C04F79EFBC}") = "Assembly-CSharp-Editor", "Assembly-CSharp-Editor.csproj", "{EF63EC08-4131-3D4E-B67D-8594310D73C6}"
EndProject
Global
	GlobalSection(SolutionConfigurationPlatforms) = preSolution
		Debug|Any CPU = Debug|Any CPU
		Release|Any CPU = Release|Any CPU
	EndGlobalSection
	GlobalSection(ProjectConfigurationPlatforms) = postSolution
		{FD692CE6-F9D9-D952-DC6E-2F1522E68035}.Debug|Any CPU.ActiveCfg = Debug|Any CPU
		{FD692CE6-F9D9-D952-DC6E-2F1522E68035}.Debug|Any CPU.Build.0 = Debug|Any CPU
		{FD692CE6-F9D9-D952-DC6E-2F1522E68035}.Release|Any CPU.ActiveCfg = Release|Any CPU
		{FD692CE6-F9D9-D952-DC6E-2F1522E68035}.Release|Any CPU.Build.0 = Release|Any CPU
		{EF63EC08-4131-3D4E-B67D-8594310D73C6}.Debug|Any CPU.ActiveCfg = Debug|Any CPU
		{EF63EC08-4131-3D4E-B67D-8594310D73C6}.Debug|Any CPU.Build.0 = Debug|Any CPU
		{EF63EC08-4131-3D4E-B67D-8594310D73C6}.Release|Any CPU.ActiveCfg = Release|Any CPU
		{EF63EC08-4131-3D4E-B67D-8594310D73C6}.Release|Any CPU.Build.0 = Release|Any CPU
	EndGlobalSection
	GlobalSection(SolutionProperties) = preSolution
		HideSolutionNode = FALSE
	EndGlobalSection
EndGlobal
